
Microsoft Visual Studio Solution File, Format Version 12.00
# Visual Studio Version 17
VisualStudioVersion = 17.4.33122.133
MinimumVisualStudioVersion = 10.0.40219.1
Project("{FAE04EC0-301F-11D3-BF4B-00C04F79EFBC}") = "WcfService1", "WcfService1\WcfService1.csproj", "{78CB97F9-F80C-4FAB-8E7F-00318A13F64C}"
EndProject
Project("{FAE04EC0-301F-11D3-BF4B-00C04F79EFBC}") = "PumClient", "PumClient\PumClient.csproj", "{33053317-392B-4173-964B-124307C698B9}"
	ProjectSection(ProjectDependencies) = postProject
		{78CB97F9-F80C-4FAB-8E7F-00318A13F64C} = {78CB97F9-F80C-4FAB-8E7F-00318A13F64C}
	EndProjectSection
EndProject
Global
	GlobalSection(SolutionConfigurationPlatforms) = preSolution
		Debug|Any CPU = Debug|Any CPU
		Release|Any CPU = Release|Any CPU
	EndGlobalSection
	GlobalSection(ProjectConfigurationPlatforms) = postSolution
		{78CB97F9-F80C-4FAB-8E7F-00318A13F64C}.Debug|Any CPU.ActiveCfg = Debug|Any CPU
		{78CB97F9-F80C-4FAB-8E7F-00318A13F64C}.Debug|Any CPU.Build.0 = Debug|Any CPU
		{78CB97F9-F80C-4FAB-8E7F-00318A13F64C}.Release|Any CPU.ActiveCfg = Release|Any CPU
		{78CB97F9-F80C-4FAB-8E7F-00318A13F64C}.Release|Any CPU.Build.0 = Release|Any CPU
		{33053317-392B-4173-964B-124307C698B9}.Debug|Any CPU.ActiveCfg = Debug|Any CPU
		{33053317-392B-4173-964B-124307C698B9}.Debug|Any CPU.Build.0 = Debug|Any CPU
		{33053317-392B-4173-964B-124307C698B9}.Release|Any CPU.ActiveCfg = Release|Any CPU
		{33053317-392B-4173-964B-124307C698B9}.Release|Any CPU.Build.0 = Release|Any CPU
	EndGlobalSection
	GlobalSection(SolutionProperties) = preSolution
		HideSolutionNode = FALSE
	EndGlobalSection
	GlobalSection(ExtensibilityGlobals) = postSolution
		SolutionGuid = {7E1CA5B2-D86E-4295-832B-079B17BFB546}
	EndGlobalSection
EndGlobal
